// !$*UTF8*$!
{
	archiveVersion = 1;
	classes = {
	};
	objectVersion = 56;
	objects = {

/* Begin PBXBuildFile section */
		05CC74882A52F32300903962 /* AppDelegate.swift in Sources */ = {isa = PBXBuildFile; fileRef = 05CC74872A52F32300903962 /* AppDelegate.swift */; };
		05CC748A2A52F32300903962 /* SceneDelegate.swift in Sources */ = {isa = PBXBuildFile; fileRef = 05CC74892A52F32300903962 /* SceneDelegate.swift */; };
		05CC748C2A52F32300903962 /* ViewController.swift in Sources */ = {isa = PBXBuildFile; fileRef = 05CC748B2A52F32300903962 /* ViewController.swift */; };
		05CC748F2A52F32300903962 /* Main.storyboard in Resources */ = {isa = PBXBuildFile; fileRef = 05CC748D2A52F32300903962 /* Main.storyboard */; };
		05CC74922A52F32300903962 /* TelasSwift.xcdatamodeld in Sources */ = {isa = PBXBuildFile; fileRef = 05CC74902A52F32300903962 /* TelasSwift.xcdatamodeld */; };
		05CC74942A52F32600903962 /* Assets.xcassets in Resources */ = {isa = PBXBuildFile; fileRef = 05CC74932A52F32600903962 /* Assets.xcassets */; };
		05CC74972A52F32600903962 /* LaunchScreen.storyboard in Resources */ = {isa = PBXBuildFile; fileRef = 05CC74952A52F32600903962 /* LaunchScreen.storyboard */; };
		05CC74A22A52F32700903962 /* TelasSwiftTests.swift in Sources */ = {isa = PBXBuildFile; fileRef = 05CC74A12A52F32700903962 /* TelasSwiftTests.swift */; };
		05CC74AC2A52F32700903962 /* TelasSwiftUITests.swift in Sources */ = {isa = PBXBuildFile; fileRef = 05CC74AB2A52F32700903962 /* TelasSwiftUITests.swift */; };
		05CC74AE2A52F32700903962 /* TelasSwiftUITestsLaunchTests.swift in Sources */ = {isa = PBXBuildFile; fileRef = 05CC74AD2A52F32700903962 /* TelasSwiftUITestsLaunchTests.swift */; };
		05CC74BE2A52F4C600903962 /* AzulCoordinator.swift in Sources */ = {isa = PBXBuildFile; fileRef = 05CC74BD2A52F4C600903962 /* AzulCoordinator.swift */; };
		05CC74C02A52F54400903962 /* Coordinator.swift in Sources */ = {isa = PBXBuildFile; fileRef = 05CC74BF2A52F54400903962 /* Coordinator.swift */; };
		05CC74C32A52F59C00903962 /* AzulView.swift in Sources */ = {isa = PBXBuildFile; fileRef = 05CC74C22A52F59C00903962 /* AzulView.swift */; };
		05CC74C52A52F5AE00903962 /* AzulViewController.swift in Sources */ = {isa = PBXBuildFile; fileRef = 05CC74C42A52F5AE00903962 /* AzulViewController.swift */; };
		05CC74C82A52F7CD00903962 /* ButtonDefault.swift in Sources */ = {isa = PBXBuildFile; fileRef = 05CC74C72A52F7CD00903962 /* ButtonDefault.swift */; };
		05CC74CA2A52F90700903962 /* VerdeCoordinator.swift in Sources */ = {isa = PBXBuildFile; fileRef = 05CC74C92A52F90700903962 /* VerdeCoordinator.swift */; };
		05CC74CC2A52F91500903962 /* VerdeView.swift in Sources */ = {isa = PBXBuildFile; fileRef = 05CC74CB2A52F91500903962 /* VerdeView.swift */; };
		05CC74CE2A52F92000903962 /* VerdeViewController.swift in Sources */ = {isa = PBXBuildFile; fileRef = 05CC74CD2A52F92000903962 /* VerdeViewController.swift */; };
		05CC74D02A52FDDA00903962 /* VermelhaView.swift in Sources */ = {isa = PBXBuildFile; fileRef = 05CC74CF2A52FDDA00903962 /* VermelhaView.swift */; };
		05CC74D22A52FDED00903962 /* VermelhaViewController.swift in Sources */ = {isa = PBXBuildFile; fileRef = 05CC74D12A52FDED00903962 /* VermelhaViewController.swift */; };
		05CC74D42A52FDFC00903962 /* VermelhaCoordinator.swift in Sources */ = {isa = PBXBuildFile; fileRef = 05CC74D32A52FDFC00903962 /* VermelhaCoordinator.swift */; };
/* End PBXBuildFile section */

/* Begin PBXContainerItemProxy section */
		05CC749E2A52F32700903962 /* PBXContainerItemProxy */ = {
			isa = PBXContainerItemProxy;
			containerPortal = 05CC747C2A52F32300903962 /* Project object */;
			proxyType = 1;
			remoteGlobalIDString = 05CC74832A52F32300903962;
			remoteInfo = TelasSwift;
		};
		05CC74A82A52F32700903962 /* PBXContainerItemProxy */ = {
			isa = PBXContainerItemProxy;
			containerPortal = 05CC747C2A52F32300903962 /* Project object */;
			proxyType = 1;
			remoteGlobalIDString = 05CC74832A52F32300903962;
			remoteInfo = TelasSwift;
		};
/* End PBXContainerItemProxy section */

/* Begin PBXFileReference section */
		05CC74842A52F32300903962 /* TelasSwift.app */ = {isa = PBXFileReference; explicitFileType = wrapper.application; includeInIndex = 0; path = TelasSwift.app; sourceTree = BUILT_PRODUCTS_DIR; };
		05CC74872A52F32300903962 /* AppDelegate.swift */ = {isa = PBXFileReference; lastKnownFileType = sourcecode.swift; path = AppDelegate.swift; sourceTree = "<group>"; };
		05CC74892A52F32300903962 /* SceneDelegate.swift */ = {isa = PBXFileReference; lastKnownFileType = sourcecode.swift; path = SceneDelegate.swift; sourceTree = "<group>"; };
		05CC748B2A52F32300903962 /* ViewController.swift */ = {isa = PBXFileReference; lastKnownFileType = sourcecode.swift; path = ViewController.swift; sourceTree = "<group>"; };
		05CC748E2A52F32300903962 /* Base */ = {isa = PBXFileReference; lastKnownFileType = file.storyboard; name = Base; path = Base.lproj/Main.storyboard; sourceTree = "<group>"; };
		05CC74912A52F32300903962 /* TelasSwift.xcdatamodel */ = {isa = PBXFileReference; lastKnownFileType = wrapper.xcdatamodel; path = TelasSwift.xcdatamodel; sourceTree = "<group>"; };
		05CC74932A52F32600903962 /* Assets.xcassets */ = {isa = PBXFileReference; lastKnownFileType = folder.assetcatalog; path = Assets.xcassets; sourceTree = "<group>"; };
		05CC74962A52F32600903962 /* Base */ = {isa = PBXFileReference; lastKnownFileType = file.storyboard; name = Base; path = Base.lproj/LaunchScreen.storyboard; sourceTree = "<group>"; };
		05CC74982A52F32600903962 /* Info.plist */ = {isa = PBXFileReference; lastKnownFileType = text.plist.xml; path = Info.plist; sourceTree = "<group>"; };
		05CC749D2A52F32700903962 /* TelasSwiftTests.xctest */ = {isa = PBXFileReference; explicitFileType = wrapper.cfbundle; includeInIndex = 0; path = TelasSwiftTests.xctest; sourceTree = BUILT_PRODUCTS_DIR; };
		05CC74A12A52F32700903962 /* TelasSwiftTests.swift */ = {isa = PBXFileReference; lastKnownFileType = sourcecode.swift; path = TelasSwiftTests.swift; sourceTree = "<group>"; };
		05CC74A72A52F32700903962 /* TelasSwiftUITests.xctest */ = {isa = PBXFileReference; explicitFileType = wrapper.cfbundle; includeInIndex = 0; path = TelasSwiftUITests.xctest; sourceTree = BUILT_PRODUCTS_DIR; };
		05CC74AB2A52F32700903962 /* TelasSwiftUITests.swift */ = {isa = PBXFileReference; lastKnownFileType = sourcecode.swift; path = TelasSwiftUITests.swift; sourceTree = "<group>"; };
		05CC74AD2A52F32700903962 /* TelasSwiftUITestsLaunchTests.swift */ = {isa = PBXFileReference; lastKnownFileType = sourcecode.swift; path = TelasSwiftUITestsLaunchTests.swift; sourceTree = "<group>"; };
		05CC74BD2A52F4C600903962 /* AzulCoordinator.swift */ = {isa = PBXFileReference; lastKnownFileType = sourcecode.swift; path = AzulCoordinator.swift; sourceTree = "<group>"; };
		05CC74BF2A52F54400903962 /* Coordinator.swift */ = {isa = PBXFileReference; lastKnownFileType = sourcecode.swift; path = Coordinator.swift; sourceTree = "<group>"; };
		05CC74C22A52F59C00903962 /* AzulView.swift */ = {isa = PBXFileReference; lastKnownFileType = sourcecode.swift; path = AzulView.swift; sourceTree = "<group>"; };
		05CC74C42A52F5AE00903962 /* AzulViewController.swift */ = {isa = PBXFileReference; lastKnownFileType = sourcecode.swift; path = AzulViewController.swift; sourceTree = "<group>"; };
		05CC74C72A52F7CD00903962 /* ButtonDefault.swift */ = {isa = PBXFileReference; lastKnownFileType = sourcecode.swift; path = ButtonDefault.swift; sourceTree = "<group>"; };
		05CC74C92A52F90700903962 /* VerdeCoordinator.swift */ = {isa = PBXFileReference; lastKnownFileType = sourcecode.swift; path = VerdeCoordinator.swift; sourceTree = "<group>"; };
		05CC74CB2A52F91500903962 /* VerdeView.swift */ = {isa = PBXFileReference; lastKnownFileType = sourcecode.swift; path = VerdeView.swift; sourceTree = "<group>"; };
		05CC74CD2A52F92000903962 /* VerdeViewController.swift */ = {isa = PBXFileReference; lastKnownFileType = sourcecode.swift; path = VerdeViewController.swift; sourceTree = "<group>"; };
		05CC74CF2A52FDDA00903962 /* VermelhaView.swift */ = {isa = PBXFileReference; lastKnownFileType = sourcecode.swift; path = VermelhaView.swift; sourceTree = "<group>"; };
		05CC74D12A52FDED00903962 /* VermelhaViewController.swift */ = {isa = PBXFileReference; lastKnownFileType = sourcecode.swift; path = VermelhaViewController.swift; sourceTree = "<group>"; };
		05CC74D32A52FDFC00903962 /* VermelhaCoordinator.swift */ = {isa = PBXFileReference; lastKnownFileType = sourcecode.swift; path = VermelhaCoordinator.swift; sourceTree = "<group>"; };
/* End PBXFileReference section */

/* Begin PBXFrameworksBuildPhase section */
		05CC74812A52F32300903962 /* Frameworks */ = {
			isa = PBXFrameworksBuildPhase;
			buildActionMask = 2147483647;
			files = (
			);
			runOnlyForDeploymentPostprocessing = 0;
		};
		05CC749A2A52F32700903962 /* Frameworks */ = {
			isa = PBXFrameworksBuildPhase;
			buildActionMask = 2147483647;
			files = (
			);
			runOnlyForDeploymentPostprocessing = 0;
		};
		05CC74A42A52F32700903962 /* Frameworks */ = {
			isa = PBXFrameworksBuildPhase;
			buildActionMask = 2147483647;
			files = (
			);
			runOnlyForDeploymentPostprocessing = 0;
		};
/* End PBXFrameworksBuildPhase section */

/* Begin PBXGroup section */
		05CC747B2A52F32300903962 = {
			isa = PBXGroup;
			children = (
				05CC74862A52F32300903962 /* TelasSwift */,
				05CC74A02A52F32700903962 /* TelasSwiftTests */,
				05CC74AA2A52F32700903962 /* TelasSwiftUITests */,
				05CC74852A52F32300903962 /* Products */,
			);
			sourceTree = "<group>";
		};
		05CC74852A52F32300903962 /* Products */ = {
			isa = PBXGroup;
			children = (
				05CC74842A52F32300903962 /* TelasSwift.app */,
				05CC749D2A52F32700903962 /* TelasSwiftTests.xctest */,
				05CC74A72A52F32700903962 /* TelasSwiftUITests.xctest */,
			);
			name = Products;
			sourceTree = "<group>";
		};
		05CC74862A52F32300903962 /* TelasSwift */ = {
			isa = PBXGroup;
			children = (
				05CC74BC2A52F45800903962 /* Resource */,
				05CC74BB2A52F44A00903962 /* Source */,
				05CC74982A52F32600903962 /* Info.plist */,
			);
			path = TelasSwift;
			sourceTree = "<group>";
		};
		05CC74A02A52F32700903962 /* TelasSwiftTests */ = {
			isa = PBXGroup;
			children = (
				05CC74A12A52F32700903962 /* TelasSwiftTests.swift */,
			);
			path = TelasSwiftTests;
			sourceTree = "<group>";
		};
		05CC74AA2A52F32700903962 /* TelasSwiftUITests */ = {
			isa = PBXGroup;
			children = (
				05CC74AB2A52F32700903962 /* TelasSwiftUITests.swift */,
				05CC74AD2A52F32700903962 /* TelasSwiftUITestsLaunchTests.swift */,
			);
			path = TelasSwiftUITests;
			sourceTree = "<group>";
		};
		05CC74BA2A52F43700903962 /* Coordinator */ = {
			isa = PBXGroup;
			children = (
				05CC74BD2A52F4C600903962 /* AzulCoordinator.swift */,
				05CC74BF2A52F54400903962 /* Coordinator.swift */,
				05CC74C92A52F90700903962 /* VerdeCoordinator.swift */,
				05CC74D32A52FDFC00903962 /* VermelhaCoordinator.swift */,
			);
			path = Coordinator;
			sourceTree = "<group>";
		};
		05CC74BB2A52F44A00903962 /* Source */ = {
			isa = PBXGroup;
			children = (
				05CC74C62A52F7AC00903962 /* Infrastructure */,
				05CC74C12A52F57800903962 /* Controller */,
				05CC74BA2A52F43700903962 /* Coordinator */,
			);
			path = Source;
			sourceTree = "<group>";
		};
		05CC74BC2A52F45800903962 /* Resource */ = {
			isa = PBXGroup;
			children = (
				05CC74902A52F32300903962 /* TelasSwift.xcdatamodeld */,
				05CC74872A52F32300903962 /* AppDelegate.swift */,
				05CC74892A52F32300903962 /* SceneDelegate.swift */,
				05CC748B2A52F32300903962 /* ViewController.swift */,
				05CC748D2A52F32300903962 /* Main.storyboard */,
				05CC74932A52F32600903962 /* Assets.xcassets */,
				05CC74952A52F32600903962 /* LaunchScreen.storyboard */,
			);
			path = Resource;
			sourceTree = "<group>";
		};
		05CC74C12A52F57800903962 /* Controller */ = {
			isa = PBXGroup;
			children = (
				05CC74D72A530C2000903962 /* Vermelha */,
				05CC74D62A530C1400903962 /* Verde */,
				05CC74D52A530BF200903962 /* Azul */,
			);
			path = Controller;
			sourceTree = "<group>";
		};
		05CC74C62A52F7AC00903962 /* Infrastructure */ = {
			isa = PBXGroup;
			children = (
				05CC74C72A52F7CD00903962 /* ButtonDefault.swift */,
			);
			path = Infrastructure;
			sourceTree = "<group>";
		};
		05CC74D52A530BF200903962 /* Azul */ = {
			isa = PBXGroup;
			children = (
				05CC74C42A52F5AE00903962 /* AzulViewController.swift */,
				05CC74C22A52F59C00903962 /* AzulView.swift */,
			);
			path = Azul;
			sourceTree = "<group>";
		};
		05CC74D62A530C1400903962 /* Verde */ = {
			isa = PBXGroup;
			children = (
				05CC74CD2A52F92000903962 /* VerdeViewController.swift */,
				05CC74CB2A52F91500903962 /* VerdeView.swift */,
			);
			path = Verde;
			sourceTree = "<group>";
		};
		05CC74D72A530C2000903962 /* Vermelha */ = {
			isa = PBXGroup;
			children = (
				05CC74D12A52FDED00903962 /* VermelhaViewController.swift */,
				05CC74CF2A52FDDA00903962 /* VermelhaView.swift */,
			);
			path = Vermelha;
			sourceTree = "<group>";
		};
/* End PBXGroup section */

/* Begin PBXNativeTarget section */
		05CC74832A52F32300903962 /* TelasSwift */ = {
			isa = PBXNativeTarget;
			buildConfigurationList = 05CC74B12A52F32700903962 /* Build configuration list for PBXNativeTarget "TelasSwift" */;
			buildPhases = (
				05CC74802A52F32300903962 /* Sources */,
				05CC74812A52F32300903962 /* Frameworks */,
				05CC74822A52F32300903962 /* Resources */,
			);
			buildRules = (
			);
			dependencies = (
			);
			name = TelasSwift;
			productName = TelasSwift;
			productReference = 05CC74842A52F32300903962 /* TelasSwift.app */;
			productType = "com.apple.product-type.application";
		};
		05CC749C2A52F32700903962 /* TelasSwiftTests */ = {
			isa = PBXNativeTarget;
			buildConfigurationList = 05CC74B42A52F32700903962 /* Build configuration list for PBXNativeTarget "TelasSwiftTests" */;
			buildPhases = (
				05CC74992A52F32700903962 /* Sources */,
				05CC749A2A52F32700903962 /* Frameworks */,
				05CC749B2A52F32700903962 /* Resources */,
			);
			buildRules = (
			);
			dependencies = (
				05CC749F2A52F32700903962 /* PBXTargetDependency */,
			);
			name = TelasSwiftTests;
			productName = TelasSwiftTests;
			productReference = 05CC749D2A52F32700903962 /* TelasSwiftTests.xctest */;
			productType = "com.apple.product-type.bundle.unit-test";
		};
		05CC74A62A52F32700903962 /* TelasSwiftUITests */ = {
			isa = PBXNativeTarget;
			buildConfigurationList = 05CC74B72A52F32700903962 /* Build configuration list for PBXNativeTarget "TelasSwiftUITests" */;
			buildPhases = (
				05CC74A32A52F32700903962 /* Sources */,
				05CC74A42A52F32700903962 /* Frameworks */,
				05CC74A52A52F32700903962 /* Resources */,
			);
			buildRules = (
			);
			dependencies = (
				05CC74A92A52F32700903962 /* PBXTargetDependency */,
			);
			name = TelasSwiftUITests;
			productName = TelasSwiftUITests;
			productReference = 05CC74A72A52F32700903962 /* TelasSwiftUITests.xctest */;
			productType = "com.apple.product-type.bundle.ui-testing";
		};
/* End PBXNativeTarget section */

/* Begin PBXProject section */
		05CC747C2A52F32300903962 /* Project object */ = {
			isa = PBXProject;
			attributes = {
				BuildIndependentTargetsInParallel = 1;
				LastSwiftUpdateCheck = 1430;
				LastUpgradeCheck = 1430;
				TargetAttributes = {
					05CC74832A52F32300903962 = {
						CreatedOnToolsVersion = 14.3;
					};
					05CC749C2A52F32700903962 = {
						CreatedOnToolsVersion = 14.3;
						TestTargetID = 05CC74832A52F32300903962;
					};
					05CC74A62A52F32700903962 = {
						CreatedOnToolsVersion = 14.3;
						TestTargetID = 05CC74832A52F32300903962;
					};
				};
			};
			buildConfigurationList = 05CC747F2A52F32300903962 /* Build configuration list for PBXProject "TelasSwift" */;
			compatibilityVersion = "Xcode 14.0";
			developmentRegion = en;
			hasScannedForEncodings = 0;
			knownRegions = (
				en,
				Base,
			);
			mainGroup = 05CC747B2A52F32300903962;
			productRefGroup = 05CC74852A52F32300903962 /* Products */;
			projectDirPath = "";
			projectRoot = "";
			targets = (
				05CC74832A52F32300903962 /* TelasSwift */,
				05CC749C2A52F32700903962 /* TelasSwiftTests */,
				05CC74A62A52F32700903962 /* TelasSwiftUITests */,
			);
		};
/* End PBXProject section */

/* Begin PBXResourcesBuildPhase section */
		05CC74822A52F32300903962 /* Resources */ = {
			isa = PBXResourcesBuildPhase;
			buildActionMask = 2147483647;
			files = (
				05CC74972A52F32600903962 /* LaunchScreen.storyboard in Resources */,
				05CC74942A52F32600903962 /* Assets.xcassets in Resources */,
				05CC748F2A52F32300903962 /* Main.storyboard in Resources */,
			);
			runOnlyForDeploymentPostprocessing = 0;
		};
		05CC749B2A52F32700903962 /* Resources */ = {
			isa = PBXResourcesBuildPhase;
			buildActionMask = 2147483647;
			files = (
			);
			runOnlyForDeploymentPostprocessing = 0;
		};
		05CC74A52A52F32700903962 /* Resources */ = {
			isa = PBXResourcesBuildPhase;
			buildActionMask = 2147483647;
			files = (
			);
			runOnlyForDeploymentPostprocessing = 0;
		};
/* End PBXResourcesBuildPhase section */

/* Begin PBXSourcesBuildPhase section */
		05CC74802A52F32300903962 /* Sources */ = {
			isa = PBXSourcesBuildPhase;
			buildActionMask = 2147483647;
			files = (
				05CC748C2A52F32300903962 /* ViewController.swift in Sources */,
				05CC74C82A52F7CD00903962 /* ButtonDefault.swift in Sources */,
				05CC74D22A52FDED00903962 /* VermelhaViewController.swift in Sources */,
				05CC74BE2A52F4C600903962 /* AzulCoordinator.swift in Sources */,
				05CC74CC2A52F91500903962 /* VerdeView.swift in Sources */,
				05CC74CA2A52F90700903962 /* VerdeCoordinator.swift in Sources */,
				05CC74C02A52F54400903962 /* Coordinator.swift in Sources */,
				05CC74C32A52F59C00903962 /* AzulView.swift in Sources */,
				05CC74922A52F32300903962 /* TelasSwift.xcdatamodeld in Sources */,
				05CC74882A52F32300903962 /* AppDelegate.swift in Sources */,
				05CC74D42A52FDFC00903962 /* VermelhaCoordinator.swift in Sources */,
				05CC74CE2A52F92000903962 /* VerdeViewController.swift in Sources */,
				05CC74C52A52F5AE00903962 /* AzulViewController.swift in Sources */,
				05CC748A2A52F32300903962 /* SceneDelegate.swift in Sources */,
				05CC74D02A52FDDA00903962 /* VermelhaView.swift in Sources */,
			);
			runOnlyForDeploymentPostprocessing = 0;
		};
		05CC74992A52F32700903962 /* Sources */ = {
			isa = PBXSourcesBuildPhase;
			buildActionMask = 2147483647;
			files = (
				05CC74A22A52F32700903962 /* TelasSwiftTests.swift in Sources */,
			);
			runOnlyForDeploymentPostprocessing = 0;
		};
		05CC74A32A52F32700903962 /* Sources */ = {
			isa = PBXSourcesBuildPhase;
			buildActionMask = 2147483647;
			files = (
				05CC74AE2A52F32700903962 /* TelasSwiftUITestsLaunchTests.swift in Sources */,
				05CC74AC2A52F32700903962 /* TelasSwiftUITests.swift in Sources */,
			);
			runOnlyForDeploymentPostprocessing = 0;
		};
/* End PBXSourcesBuildPhase section */

/* Begin PBXTargetDependency section */
		05CC749F2A52F32700903962 /* PBXTargetDependency */ = {
			isa = PBXTargetDependency;
			target = 05CC74832A52F32300903962 /* TelasSwift */;
			targetProxy = 05CC749E2A52F32700903962 /* PBXContainerItemProxy */;
		};
		05CC74A92A52F32700903962 /* PBXTargetDependency */ = {
			isa = PBXTargetDependency;
			target = 05CC74832A52F32300903962 /* TelasSwift */;
			targetProxy = 05CC74A82A52F32700903962 /* PBXContainerItemProxy */;
		};
/* End PBXTargetDependency section */

/* Begin PBXVariantGroup section */
		05CC748D2A52F32300903962 /* Main.storyboard */ = {
			isa = PBXVariantGroup;
			children = (
				05CC748E2A52F32300903962 /* Base */,
			);
			name = Main.storyboard;
			sourceTree = "<group>";
		};
		05CC74952A52F32600903962 /* LaunchScreen.storyboard */ = {
			isa = PBXVariantGroup;
			children = (
				05CC74962A52F32600903962 /* Base */,
			);
			name = LaunchScreen.storyboard;
			sourceTree = "<group>";
		};
/* End PBXVariantGroup section */

/* Begin XCBuildConfiguration section */
		05CC74AF2A52F32700903962 /* Debug */ = {
			isa = XCBuildConfiguration;
			buildSettings = {
				ALWAYS_SEARCH_USER_PATHS = NO;
				CLANG_ANALYZER_NONNULL = YES;
				CLANG_ANALYZER_NUMBER_OBJECT_CONVERSION = YES_AGGRESSIVE;
				CLANG_CXX_LANGUAGE_STANDARD = "gnu++20";
				CLANG_ENABLE_MODULES = YES;
				CLANG_ENABLE_OBJC_ARC = YES;
				CLANG_ENABLE_OBJC_WEAK = YES;
				CLANG_WARN_BLOCK_CAPTURE_AUTORELEASING = YES;
				CLANG_WARN_BOOL_CONVERSION = YES;
				CLANG_WARN_COMMA = YES;
				CLANG_WARN_CONSTANT_CONVERSION = YES;
				CLANG_WARN_DEPRECATED_OBJC_IMPLEMENTATIONS = YES;
				CLANG_WARN_DIRECT_OBJC_ISA_USAGE = YES_ERROR;
				CLANG_WARN_DOCUMENTATION_COMMENTS = YES;
				CLANG_WARN_EMPTY_BODY = YES;
				CLANG_WARN_ENUM_CONVERSION = YES;
				CLANG_WARN_INFINITE_RECURSION = YES;
				CLANG_WARN_INT_CONVERSION = YES;
				CLANG_WARN_NON_LITERAL_NULL_CONVERSION = YES;
				CLANG_WARN_OBJC_IMPLICIT_RETAIN_SELF = YES;
				CLANG_WARN_OBJC_LITERAL_CONVERSION = YES;
				CLANG_WARN_OBJC_ROOT_CLASS = YES_ERROR;
				CLANG_WARN_QUOTED_INCLUDE_IN_FRAMEWORK_HEADER = YES;
				CLANG_WARN_RANGE_LOOP_ANALYSIS = YES;
				CLANG_WARN_STRICT_PROTOTYPES = YES;
				CLANG_WARN_SUSPICIOUS_MOVE = YES;
				CLANG_WARN_UNGUARDED_AVAILABILITY = YES_AGGRESSIVE;
				CLANG_WARN_UNREACHABLE_CODE = YES;
				CLANG_WARN__DUPLICATE_METHOD_MATCH = YES;
				COPY_PHASE_STRIP = NO;
				DEBUG_INFORMATION_FORMAT = dwarf;
				ENABLE_STRICT_OBJC_MSGSEND = YES;
				ENABLE_TESTABILITY = YES;
				GCC_C_LANGUAGE_STANDARD = gnu11;
				GCC_DYNAMIC_NO_PIC = NO;
				GCC_NO_COMMON_BLOCKS = YES;
				GCC_OPTIMIZATION_LEVEL = 0;
				GCC_PREPROCESSOR_DEFINITIONS = (
					"DEBUG=1",
					"$(inherited)",
				);
				GCC_WARN_64_TO_32_BIT_CONVERSION = YES;
				GCC_WARN_ABOUT_RETURN_TYPE = YES_ERROR;
				GCC_WARN_UNDECLARED_SELECTOR = YES;
				GCC_WARN_UNINITIALIZED_AUTOS = YES_AGGRESSIVE;
				GCC_WARN_UNUSED_FUNCTION = YES;
				GCC_WARN_UNUSED_VARIABLE = YES;
				IPHONEOS_DEPLOYMENT_TARGET = 16.4;
				MTL_ENABLE_DEBUG_INFO = INCLUDE_SOURCE;
				MTL_FAST_MATH = YES;
				ONLY_ACTIVE_ARCH = YES;
				SDKROOT = iphoneos;
				SWIFT_ACTIVE_COMPILATION_CONDITIONS = DEBUG;
				SWIFT_OPTIMIZATION_LEVEL = "-Onone";
			};
			name = Debug;
		};
		05CC74B02A52F32700903962 /* Release */ = {
			isa = XCBuildConfiguration;
			buildSettings = {
				ALWAYS_SEARCH_USER_PATHS = NO;
				CLANG_ANALYZER_NONNULL = YES;
				CLANG_ANALYZER_NUMBER_OBJECT_CONVERSION = YES_AGGRESSIVE;
				CLANG_CXX_LANGUAGE_STANDARD = "gnu++20";
				CLANG_ENABLE_MODULES = YES;
				CLANG_ENABLE_OBJC_ARC = YES;
				CLANG_ENABLE_OBJC_WEAK = YES;
				CLANG_WARN_BLOCK_CAPTURE_AUTORELEASING = YES;
				CLANG_WARN_BOOL_CONVERSION = YES;
				CLANG_WARN_COMMA = YES;
				CLANG_WARN_CONSTANT_CONVERSION = YES;
				CLANG_WARN_DEPRECATED_OBJC_IMPLEMENTATIONS = YES;
				CLANG_WARN_DIRECT_OBJC_ISA_USAGE = YES_ERROR;
				CLANG_WARN_DOCUMENTATION_COMMENTS = YES;
				CLANG_WARN_EMPTY_BODY = YES;
				CLANG_WARN_ENUM_CONVERSION = YES;
				CLANG_WARN_INFINITE_RECURSION = YES;
				CLANG_WARN_INT_CONVERSION = YES;
				CLANG_WARN_NON_LITERAL_NULL_CONVERSION = YES;
				CLANG_WARN_OBJC_IMPLICIT_RETAIN_SELF = YES;
				CLANG_WARN_OBJC_LITERAL_CONVERSION = YES;
				CLANG_WARN_OBJC_ROOT_CLASS = YES_ERROR;
				CLANG_WARN_QUOTED_INCLUDE_IN_FRAMEWORK_HEADER = YES;
				CLANG_WARN_RANGE_LOOP_ANALYSIS = YES;
				CLANG_WARN_STRICT_PROTOTYPES = YES;
				CLANG_WARN_SUSPICIOUS_MOVE = YES;
				CLANG_WARN_UNGUARDED_AVAILABILITY = YES_AGGRESSIVE;
				CLANG_WARN_UNREACHABLE_CODE = YES;
				CLANG_WARN__DUPLICATE_METHOD_MATCH = YES;
				COPY_PHASE_STRIP = NO;
				DEBUG_INFORMATION_FORMAT = "dwarf-with-dsym";
				ENABLE_NS_ASSERTIONS = NO;
				ENABLE_STRICT_OBJC_MSGSEND = YES;
				GCC_C_LANGUAGE_STANDARD = gnu11;
				GCC_NO_COMMON_BLOCKS = YES;
				GCC_WARN_64_TO_32_BIT_CONVERSION = YES;
				GCC_WARN_ABOUT_RETURN_TYPE = YES_ERROR;
				GCC_WARN_UNDECLARED_SELECTOR = YES;
				GCC_WARN_UNINITIALIZED_AUTOS = YES_AGGRESSIVE;
				GCC_WARN_UNUSED_FUNCTION = YES;
				GCC_WARN_UNUSED_VARIABLE = YES;
				IPHONEOS_DEPLOYMENT_TARGET = 16.4;
				MTL_ENABLE_DEBUG_INFO = NO;
				MTL_FAST_MATH = YES;
				SDKROOT = iphoneos;
				SWIFT_COMPILATION_MODE = wholemodule;
				SWIFT_OPTIMIZATION_LEVEL = "-O";
				VALIDATE_PRODUCT = YES;
			};
			name = Release;
		};
		05CC74B22A52F32700903962 /* Debug */ = {
			isa = XCBuildConfiguration;
			buildSettings = {
				ASSETCATALOG_COMPILER_APPICON_NAME = AppIcon;
				ASSETCATALOG_COMPILER_GLOBAL_ACCENT_COLOR_NAME = AccentColor;
				CODE_SIGN_STYLE = Automatic;
				CURRENT_PROJECT_VERSION = 1;
				DEVELOPMENT_TEAM = GTV4SRH28V;
				GENERATE_INFOPLIST_FILE = YES;
				INFOPLIST_FILE = TelasSwift/Info.plist;
				INFOPLIST_KEY_UIApplicationSupportsIndirectInputEvents = YES;
				INFOPLIST_KEY_UILaunchStoryboardName = LaunchScreen;
				INFOPLIST_KEY_UIMainStoryboardFile = Main;
				INFOPLIST_KEY_UISupportedInterfaceOrientations_iPad = "UIInterfaceOrientationPortrait UIInterfaceOrientationPortraitUpsideDown UIInterfaceOrientationLandscapeLeft UIInterfaceOrientationLandscapeRight";
				INFOPLIST_KEY_UISupportedInterfaceOrientations_iPhone = "UIInterfaceOrientationPortrait UIInterfaceOrientationLandscapeLeft UIInterfaceOrientationLandscapeRight";
				LD_RUNPATH_SEARCH_PATHS = (
					"$(inherited)",
					"@executable_path/Frameworks",
				);
				MARKETING_VERSION = 1.0;
				PRODUCT_BUNDLE_IDENTIFIER = br.edu.ifb.TelasSwift;
				PRODUCT_NAME = "$(TARGET_NAME)";
				SWIFT_EMIT_LOC_STRINGS = YES;
				SWIFT_VERSION = 5.0;
				TARGETED_DEVICE_FAMILY = "1,2";
			};
			name = Debug;
		};
		05CC74B32A52F32700903962 /* Release */ = {
			isa = XCBuildConfiguration;
			buildSettings = {
				ASSETCATALOG_COMPILER_APPICON_NAME = AppIcon;
				ASSETCATALOG_COMPILER_GLOBAL_ACCENT_COLOR_NAME = AccentColor;
				CODE_SIGN_STYLE = Automatic;
				CURRENT_PROJECT_VERSION = 1;
				DEVELOPMENT_TEAM = GTV4SRH28V;
				GENERATE_INFOPLIST_FILE = YES;
				INFOPLIST_FILE = TelasSwift/Info.plist;
				INFOPLIST_KEY_UIApplicationSupportsIndirectInputEvents = YES;
				INFOPLIST_KEY_UILaunchStoryboardName = LaunchScreen;
				INFOPLIST_KEY_UIMainStoryboardFile = Main;
				INFOPLIST_KEY_UISupportedInterfaceOrientations_iPad = "UIInterfaceOrientationPortrait UIInterfaceOrientationPortraitUpsideDown UIInterfaceOrientationLandscapeLeft UIInterfaceOrientationLandscapeRight";
				INFOPLIST_KEY_UISupportedInterfaceOrientations_iPhone = "UIInterfaceOrientationPortrait UIInterfaceOrientationLandscapeLeft UIInterfaceOrientationLandscapeRight";
				LD_RUNPATH_SEARCH_PATHS = (
					"$(inherited)",
					"@executable_path/Frameworks",
				);
				MARKETING_VERSION = 1.0;
				PRODUCT_BUNDLE_IDENTIFIER = br.edu.ifb.TelasSwift;
				PRODUCT_NAME = "$(TARGET_NAME)";
				SWIFT_EMIT_LOC_STRINGS = YES;
				SWIFT_VERSION = 5.0;
				TARGETED_DEVICE_FAMILY = "1,2";
			};
			name = Release;
		};
		05CC74B52A52F32700903962 /* Debug */ = {
			isa = XCBuildConfiguration;
			buildSettings = {
				ALWAYS_EMBED_SWIFT_STANDARD_LIBRARIES = YES;
				BUNDLE_LOADER = "$(TEST_HOST)";
				CODE_SIGN_STYLE = Automatic;
				CURRENT_PROJECT_VERSION = 1;
				DEVELOPMENT_TEAM = GTV4SRH28V;
				GENERATE_INFOPLIST_FILE = YES;
				IPHONEOS_DEPLOYMENT_TARGET = 16.4;
				MARKETING_VERSION = 1.0;
				PRODUCT_BUNDLE_IDENTIFIER = br.edu.ifb.TelasSwiftTests;
				PRODUCT_NAME = "$(TARGET_NAME)";
				SWIFT_EMIT_LOC_STRINGS = NO;
				SWIFT_VERSION = 5.0;
				TARGETED_DEVICE_FAMILY = "1,2";
				TEST_HOST = "$(BUILT_PRODUCTS_DIR)/TelasSwift.app/$(BUNDLE_EXECUTABLE_FOLDER_PATH)/TelasSwift";
			};
			name = Debug;
		};
		05CC74B62A52F32700903962 /* Release */ = {
			isa = XCBuildConfiguration;
			buildSettings = {
				ALWAYS_EMBED_SWIFT_STANDARD_LIBRARIES = YES;
				BUNDLE_LOADER = "$(TEST_HOST)";
				CODE_SIGN_STYLE = Automatic;
				CURRENT_PROJECT_VERSION = 1;
				DEVELOPMENT_TEAM = GTV4SRH28V;
				GENERATE_INFOPLIST_FILE = YES;
				IPHONEOS_DEPLOYMENT_TARGET = 16.4;
				MARKETING_VERSION = 1.0;
				PRODUCT_BUNDLE_IDENTIFIER = br.edu.ifb.TelasSwiftTests;
				PRODUCT_NAME = "$(TARGET_NAME)";
				SWIFT_EMIT_LOC_STRINGS = NO;
				SWIFT_VERSION = 5.0;
				TARGETED_DEVICE_FAMILY = "1,2";
				TEST_HOST = "$(BUILT_PRODUCTS_DIR)/TelasSwift.app/$(BUNDLE_EXECUTABLE_FOLDER_PATH)/TelasSwift";
			};
			name = Release;
		};
		05CC74B82A52F32700903962 /* Debug */ = {
			isa = XCBuildConfiguration;
			buildSettings = {
				ALWAYS_EMBED_SWIFT_STANDARD_LIBRARIES = YES;
				CODE_SIGN_STYLE = Automatic;
				CURRENT_PROJECT_VERSION = 1;
				DEVELOPMENT_TEAM = GTV4SRH28V;
				GENERATE_INFOPLIST_FILE = YES;
				MARKETING_VERSION = 1.0;
				PRODUCT_BUNDLE_IDENTIFIER = br.edu.ifb.TelasSwiftUITests;
				PRODUCT_NAME = "$(TARGET_NAME)";
				SWIFT_EMIT_LOC_STRINGS = NO;
				SWIFT_VERSION = 5.0;
				TARGETED_DEVICE_FAMILY = "1,2";
				TEST_TARGET_NAME = TelasSwift;
			};
			name = Debug;
		};
		05CC74B92A52F32700903962 /* Release */ = {
			isa = XCBuildConfiguration;
			buildSettings = {
				ALWAYS_EMBED_SWIFT_STANDARD_LIBRARIES = YES;
				CODE_SIGN_STYLE = Automatic;
				CURRENT_PROJECT_VERSION = 1;
				DEVELOPMENT_TEAM = GTV4SRH28V;
				GENERATE_INFOPLIST_FILE = YES;
				MARKETING_VERSION = 1.0;
				PRODUCT_BUNDLE_IDENTIFIER = br.edu.ifb.TelasSwiftUITests;
				PRODUCT_NAME = "$(TARGET_NAME)";
				SWIFT_EMIT_LOC_STRINGS = NO;
				SWIFT_VERSION = 5.0;
				TARGETED_DEVICE_FAMILY = "1,2";
				TEST_TARGET_NAME = TelasSwift;
			};
			name = Release;
		};
/* End XCBuildConfiguration section */

/* Begin XCConfigurationList section */
		05CC747F2A52F32300903962 /* Build configuration list for PBXProject "TelasSwift" */ = {
			isa = XCConfigurationList;
			buildConfigurations = (
				05CC74AF2A52F32700903962 /* Debug */,
				05CC74B02A52F32700903962 /* Release */,
			);
			defaultConfigurationIsVisible = 0;
			defaultConfigurationName = Release;
		};
		05CC74B12A52F32700903962 /* Build configuration list for PBXNativeTarget "TelasSwift" */ = {
			isa = XCConfigurationList;
			buildConfigurations = (
				05CC74B22A52F32700903962 /* Debug */,
				05CC74B32A52F32700903962 /* Release */,
			);
			defaultConfigurationIsVisible = 0;
			defaultConfigurationName = Release;
		};
		05CC74B42A52F32700903962 /* Build configuration list for PBXNativeTarget "TelasSwiftTests" */ = {
			isa = XCConfigurationList;
			buildConfigurations = (
				05CC74B52A52F32700903962 /* Debug */,
				05CC74B62A52F32700903962 /* Release */,
			);
			defaultConfigurationIsVisible = 0;
			defaultConfigurationName = Release;
		};
		05CC74B72A52F32700903962 /* Build configuration list for PBXNativeTarget "TelasSwiftUITests" */ = {
			isa = XCConfigurationList;
			buildConfigurations = (
				05CC74B82A52F32700903962 /* Debug */,
				05CC74B92A52F32700903962 /* Release */,
			);
			defaultConfigurationIsVisible = 0;
			defaultConfigurationName = Release;
		};
/* End XCConfigurationList section */

/* Begin XCVersionGroup section */
		05CC74902A52F32300903962 /* TelasSwift.xcdatamodeld */ = {
			isa = XCVersionGroup;
			children = (
				05CC74912A52F32300903962 /* TelasSwift.xcdatamodel */,
			);
			currentVersion = 05CC74912A52F32300903962 /* TelasSwift.xcdatamodel */;
			path = TelasSwift.xcdatamodeld;
			sourceTree = "<group>";
			versionGroupType = wrapper.xcdatamodel;
		};
/* End XCVersionGroup section */
	};
	rootObject = 05CC747C2A52F32300903962 /* Project object */;
}
